
Microsoft Visual Studio Solution File, Format Version 12.00
# Visual Studio Version 16
VisualStudioVersion = 16.0.29123.88
MinimumVisualStudioVersion = 10.0.40219.1
Project("{FAE04EC0-301F-11D3-BF4B-00C04F79EFBC}") = "FIT5032_AssignmentPortfolio_FlyBook", "FIT5032_AssignmentPortfolio_FlyBook\FIT5032_AssignmentPortfolio_FlyBook.csproj", "{F80FAFCF-1328-4FB7-8DFA-3D7B96F390DF}"
EndProject
Global
	GlobalSection(SolutionConfigurationPlatforms) = preSolution
		Debug|Any CPU = Debug|Any CPU
		Release|Any CPU = Release|Any CPU
	EndGlobalSection
	GlobalSection(ProjectConfigurationPlatforms) = postSolution
		{F80FAFCF-1328-4FB7-8DFA-3D7B96F390DF}.Debug|Any CPU.ActiveCfg = Debug|Any CPU
		{F80FAFCF-1328-4FB7-8DFA-3D7B96F390DF}.Debug|Any CPU.Build.0 = Debug|Any CPU
		{F80FAFCF-1328-4FB7-8DFA-3D7B96F390DF}.Release|Any CPU.ActiveCfg = Release|Any CPU
		{F80FAFCF-1328-4FB7-8DFA-3D7B96F390DF}.Release|Any CPU.Build.0 = Release|Any CPU
	EndGlobalSection
	GlobalSection(SolutionProperties) = preSolution
		HideSolutionNode = FALSE
	EndGlobalSection
	GlobalSection(ExtensibilityGlobals) = postSolution
		SolutionGuid = {D857A625-E1A0-4C88-AE03-C6A9F7B83044}
	EndGlobalSection
EndGlobal
